
Microsoft Visual Studio Solution File, Format Version 12.00
# Visual Studio Version 16
VisualStudioVersion = 16.0.30611.23
MinimumVisualStudioVersion = 10.0.40219.1
Project("{FAE04EC0-301F-11D3-BF4B-00C04F79EFBC}") = "Quoridor", "Quoridor\Quoridor.csproj", "{8E2628C1-4DC9-4E44-8E66-34171F844FCA}"
EndProject
Global
	GlobalSection(SolutionConfigurationPlatforms) = preSolution
		Debug|Any CPU = Debug|Any CPU
		Release|Any CPU = Release|Any CPU
	EndGlobalSection
	GlobalSection(ProjectConfigurationPlatforms) = postSolution
		{8E2628C1-4DC9-4E44-8E66-34171F844FCA}.Debug|Any CPU.ActiveCfg = Debug|Any CPU
		{8E2628C1-4DC9-4E44-8E66-34171F844FCA}.Debug|Any CPU.Build.0 = Debug|Any CPU
		{8E2628C1-4DC9-4E44-8E66-34171F844FCA}.Release|Any CPU.ActiveCfg = Release|Any CPU
		{8E2628C1-4DC9-4E44-8E66-34171F844FCA}.Release|Any CPU.Build.0 = Release|Any CPU
	EndGlobalSection
	GlobalSection(SolutionProperties) = preSolution
		HideSolutionNode = FALSE
	EndGlobalSection
	GlobalSection(ExtensibilityGlobals) = postSolution
		SolutionGuid = {91498581-97B4-4F88-9ECC-D3DD9443A3AE}
	EndGlobalSection
EndGlobal
